version: 1
checksums:
  67da660e170179d29fd1fd2e2b479f7e:
    metadata/title: bbd3da08c47acbe101a30539261dd893
    metadata/description: 45fcae221a4b78eb7482545e264b9a3e
    nav/features: 341ff316a339b106a178f0b8d362951b
    nav/pricing: ce27f1aeacccc542a174c4b2bce022b0
    nav/useCases: 69728b93c0dd992e10c740be26b143a7
    nav/about: 944521eeeed2511833d2299931273c71
    nav/startFree: 7ce8b4d31b5f5b557247b6c6f27cd15a
    nav/watchDemo: 2a9416f4ed9de21b661fb00378c72b54
    hero/title: 8c15eb077360dae3cc898e08bc3522ee
    hero/subtitle: 4c6f28366b8d32ac7172900b6e5518b1
    hero/cta: 7ce8b4d31b5f5b557247b6c6f27cd15a
    hero/ctaSecondary: 2a9416f4ed9de21b661fb00378c72b54
    socialProof/trusted: e9da99e7302191d1fc05496b3c150e82
    socialProof/tournaments: 575a84c3592eec8d7f8c8ed778e4222a
    socialProof/players: d40557456fdc3d7a0559a75a5c85bccc
    socialProof/countries: bce74e4018e8891a6673d02f32c839b0
    problem/title: f362fa5d337df557f18c5ef3c549febb
    problem/items/0: 2aa25bd957591173b0640736ae99bd06
    problem/items/1: 8e2f34e50668a75912532f922e526b27
    problem/items/2: b56fb5059be03d72bdf7fdf859e4a265
    problem/items/3: a650594a930b985820ddb59bf4a423b5
    problem/items/4: 3290efb98cd06e9b38d4078fd2a0c13f
    solution/title: 261f028b43a5c38c85211d446be54343
    solution/items/0: 6d780805222ede116ac72d3e753b1201
    solution/items/1: 2061cd6abc639928fef06b34b46eead3
    solution/items/2: c77ab93f89a7f1d6335284699211d3fc
    solution/items/3: c8a34347e75a3a1f0233e4f393e2e567
    solution/items/4: f628ead6a59e3888fc241e602301cb47
    features/title: b8cb4430e27f9d3015b20c22657b2d12
    features/subtitle: fbaa38e4fc11574b8f3b1c1d61e8a996
    features/tournament/title: cde81001a7379010937107d23b2f9af3
    features/tournament/description: 1fbac4fd873825dd313d38fcd326c934
    features/sync/title: 206fbea8119fe11ee65f47e7896dae66
    features/sync/description: d1ff29bd5ad53a7c36b507d07990c0d5
    features/players/title: b18cc2302921e026086d3709c7006f52
    features/players/description: f0f451e08a34b20ce8b30ae5ae2b3c54
    features/dealers/title: 5cab4ea244a2385335eb015563a434cb
    features/dealers/description: 2b93622d708b1bf7c616a7f4a991ff2b
    features/mobile/title: aaf4b452dae2931035b7bb7d76e409b2
    features/mobile/description: a36502b585fc6b4c38d82c2ae8570ab1
    features/multiOrg/title: d15f3914c6dc25c1bb3e3ab4130f645b
    features/multiOrg/description: bea386a744327526f9cd2bf62dd3828b
    features/learnMore: e598091d132f890c37a6d4ed94f6d794
    useCases/title: f28981ff598720d058c9e98d49871018
    useCases/clubs/title: ddb53db9c2584d15d8610874ef358963
    useCases/clubs/description: 8d756a48cbdf6897ed451f5de7ce4b1f
    useCases/home/title: aef1873471e9b341f7ef7f4c2c17f928
    useCases/home/description: b49488b1c914c860a8072150f42a58dd
    useCases/charity/title: 5c87e275c4bb37e7cbdf0077922d0c6e
    useCases/charity/description: b8e68e1cab7991f41d5e91c9273e4439
    howItWorks/title: 6f1314257c2d8c838b5e9dda23b70bd6
    howItWorks/step1/title: a85fd398523915546afc802ced622229
    howItWorks/step1/description: c2820e444459db0b126ec83f6932e6e7
    howItWorks/step2/title: b59c64d1fe518333d9c113b8937ae95a
    howItWorks/step2/description: d9d202bace18e5ef03c572d56776fd83
    howItWorks/step3/title: 4a98fcd207a6c5d5c3e8e7157c87d52c
    howItWorks/step3/description: 7162953409f4b753d22430d882e845ce
    pricing/title: e74d7daa01f0d02953af6d202a6d8e25
    pricing/subtitle: 352e2b769043a754e29848b810f92a9a
    pricing/cta: e7d8de84f4b7d8f4994d536cb088a79c
    cta/title: f9eab0522448ebae7c1bcdeec8178a0a
    cta/subtitle: d125b0e5856dcfa9c78c434ca5960ca6
    cta/button: 7ce8b4d31b5f5b557247b6c6f27cd15a
    blog/title: 7feb9b36be2028520ffe37de06505148
    blog/subtitle: f06997618870a578530597c4906252ab
    blog/allPosts: 25e77a8e2d96f617232d06580b951134
    blog/readMore: 66926b6290ca357f9544aa4f11b67b5a
    blog/backHome: 649df9d4b9efe3f5ea06c76600fa5848
    blog/comingSoon: c9ce7bf24d51d515fb285af41004b193
    blog/comingSoonDesc: 096fbe90ceb160dabb3d024c558ad316
    footer/product: 4e5f845a09d417dde0a1310bc9ca4bfe
    footer/resources: ec7fb05ed963bb6781a35782b3475502
    footer/company: 9e36d11fa82d1bd4563eef2abc4fcfba
    footer/connect: 8778ee245078a8be4a2ce855c8c56edc
    footer/features: 341ff316a339b106a178f0b8d362951b
    footer/pricing: ce27f1aeacccc542a174c4b2bce022b0
    footer/useCases: 69728b93c0dd992e10c740be26b143a7
    footer/mobileApps: 52a6962957416602ed50cd2223f29101
    footer/whatsNew: e426b9bfcc875da20c66192faa148206
    footer/helpCenter: 73b806a0915ba3692c0ebc9361533f02
    footer/documentation: 1563fcb5ddb5037b0709ccd3dd384a92
    footer/blog: 7feb9b36be2028520ffe37de06505148
    footer/systemStatus: 8e43ad3eef22915121d711ea3c1cc9fe
    footer/about: 944521eeeed2511833d2299931273c71
    footer/contact: 9afa39bc47019ee6dec6c74b6273967c
    footer/privacy: 7459744a63ef8af4e517a09024bd7c08
    footer/terms: 5add91f519e39025708e54a7eb7a9fc5
    footer/copyright: 355bf110343def5dce9afc09a685b5fd
  74a545c84c0cff99a03036ae9c380f63:
    blocks/0/type: 4cc1578a42dbedc97f1b1df7e0ed9f52
    blocks/0/text: 41629261254f50e35780357d3de37465
    blocks/1/type: a68ada0f8ce8d9ccadc8060770afa598
    blocks/1/text: e23ca352fdb59d2cc1cf622ec2fb28dd
    blocks/2/type: 4cc1578a42dbedc97f1b1df7e0ed9f52
    blocks/2/text: b3dedb4452a1504c459581d959a7024d
    blocks/3/type: 5d10624df053240c4c608fefb8df22ae
    blocks/3/items/0: 3045873d31e3d5a84a9d96609a7fe48a
    blocks/3/items/1: 033078ce00a2b3410eae392272610f2d
    blocks/3/items/2: a1661a19abc38f6e0127eefab7976ff2
    blocks/3/items/3: 3ba99effc8f31ad8ea743fb8c042fb26
    blocks/4/type: 198f3684837ce4913dd8c859d0bd56ee
    blocks/4/text: bad2a9d3016f6fdb38a1dd5862bed41b
    blocks/5/type: a68ada0f8ce8d9ccadc8060770afa598
    blocks/5/text: 5108884201ee36f55b243825bcea8ff2
    blocks/6/type: 4cc1578a42dbedc97f1b1df7e0ed9f52
    blocks/6/text: d07abaf4214aad6fb1991041cd5e3060
    blocks/7/type: 2a97d0a4976aaa75a2a2b38ad70c72a0
    blocks/7/text: ec2d802198ede3f397e81ca55e1c02d1
    blocks/8/type: 4cc1578a42dbedc97f1b1df7e0ed9f52
    blocks/8/text: 868205a7ca75c556e9b9744335660e3a
    blocks/9/type: 2a97d0a4976aaa75a2a2b38ad70c72a0
    blocks/9/text: d74b67d2c74323b9d8cebe1dc861acfd
    blocks/10/type: 4cc1578a42dbedc97f1b1df7e0ed9f52
    blocks/10/text: 3af1fa94498e37070c6807941dea9d01
    blocks/11/type: 80df1c14c8ae91f316bed43c0331d9a7
    blocks/11/emoji: 3b0b4cb361695448e48ed9fdaf2bf4f5
    blocks/11/text: cdbb1cc9a7cf5a0e7e76c1d199cb3cb1
    blocks/12/type: 2a97d0a4976aaa75a2a2b38ad70c72a0
    blocks/12/text: 467633e4f1826e3b3ae636678d3cd6c6
    blocks/13/type: 4cc1578a42dbedc97f1b1df7e0ed9f52
    blocks/13/text: 395fcbea130c0de5548ed3902ccf9d82
    blocks/14/type: 2a97d0a4976aaa75a2a2b38ad70c72a0
    blocks/14/text: dd2bd64d7b4b73a30c5897fae5b0dfa3
    blocks/15/type: 4cc1578a42dbedc97f1b1df7e0ed9f52
    blocks/15/text: 1ac477fbce6b4d3ffc02b371e804ceeb
    blocks/16/type: 00a264b5cd51b640d61704d738b24d4a
    blocks/17/type: a68ada0f8ce8d9ccadc8060770afa598
    blocks/17/text: 0c79dff81b633578e07db81222c0945f
    blocks/18/type: 4cc1578a42dbedc97f1b1df7e0ed9f52
    blocks/18/text: d943b63de57731c2a1ed292985dd07fa
    blocks/19/type: 4cc1578a42dbedc97f1b1df7e0ed9f52
    blocks/19/text: eff7394b2cb9b74860d5531e435b0117
    blocks/20/type: a68ada0f8ce8d9ccadc8060770afa598
    blocks/20/text: bbd29d8074af0691ffd784045eac3ee3
    blocks/21/type: 4cc1578a42dbedc97f1b1df7e0ed9f52
    blocks/21/text: 01479285ce5d5bd7b815fa6ff17ad6bc
    blocks/22/type: 5d10624df053240c4c608fefb8df22ae
    blocks/22/items/0: 9374a602e70d8f5d7229f55076d6417c
    blocks/22/items/1: ac67a4f4ccedf156ae11992fa420922a
    blocks/22/items/2: d19524029d3afdb7081c607857cfa412
    blocks/22/items/3: f6cf5b1922fb665fe9d19093dcb3fc08
    blocks/22/items/4: ade672a38a213676a2b80d0b41b280ec
    blocks/23/type: a68ada0f8ce8d9ccadc8060770afa598
    blocks/23/text: 07f4e42d2e33786db39968e401ee4321
    blocks/24/type: 4cc1578a42dbedc97f1b1df7e0ed9f52
    blocks/24/text: 208aa4070a8850761e98c2a79b852491
    blocks/25/type: 80df1c14c8ae91f316bed43c0331d9a7
    blocks/25/emoji: b328c432cee108a87a92f05258b6a651
    blocks/25/text: 6012e4f95702e6e65931b65e69a3f76c
  88fea8814d66cdc49c6d5163883f27bc:
    posts/best-poker-tournament-management-software/title: 8a450855cb51f73cb1d5dd4e5d2e1374
    posts/best-poker-tournament-management-software/excerpt: 578f737779d4663f12d1d55c6b26b674
    posts/best-poker-tournament-management-software/date: 32ceb28480c3b87a94c8b946bf701df9
    posts/best-poker-tournament-management-software/readTime: 7a2a6d8222760408e2aa97040fa1096f
    posts/introducing-lynxpoker/title: 167f6efcb8c9cfd7b5b4f4bca8dcf39b
    posts/introducing-lynxpoker/excerpt: 55574d4757167693b406a8bbb38b43c0
    posts/introducing-lynxpoker/date: 3246895f051d0984f18491a9c807e5f2
    posts/introducing-lynxpoker/readTime: 24a2d7048fbeb43c0c1c6130495c989b
    posts/dealer-management-guide/title: 92c83ad58bc16846ce207a8b208a92b1
    posts/dealer-management-guide/excerpt: 04bc469d4ac243aa4277e0ed355efd85
    posts/dealer-management-guide/date: 620d1da5e65159cf7d8e8aa3f8d5cc93
    posts/dealer-management-guide/readTime: ec815322f9ed4862d9b5fa49d6b0fe93
    posts/home-game-to-club/title: db637ae45018a2d72d301cf3082abd56
    posts/home-game-to-club/excerpt: e28a44137d8bd69c8a10d91f596e21af
    posts/home-game-to-club/date: b333fd4de6ee042862a9c181ff5ba46c
    posts/home-game-to-club/readTime: 13bd36bf90fc1a182f2b9c7704fe6d73
  0925e4eedf404add358a85e1a85e22b0:
    blocks/0/type: 4cc1578a42dbedc97f1b1df7e0ed9f52
    blocks/0/text: c5abbc454856b48e1eaefc0897e8b0c8
    blocks/1/type: 4cc1578a42dbedc97f1b1df7e0ed9f52
    blocks/1/text: 5fef460629fe83a6f4624812b698f0ed
    blocks/2/type: 80df1c14c8ae91f316bed43c0331d9a7
    blocks/2/emoji: 18713d597927de94e99c900998dd4d2c
    blocks/2/text: f8627354ca5d464fd262bdf34d0db3cb
    blocks/3/type: 00a264b5cd51b640d61704d738b24d4a
    blocks/4/type: a68ada0f8ce8d9ccadc8060770afa598
    blocks/4/text: ea10cbde0d09baa3532df6e2b5b58b24
    blocks/5/type: 4cc1578a42dbedc97f1b1df7e0ed9f52
    blocks/5/text: db321f348f9d10eb9767f84220091580
    blocks/6/type: 5d10624df053240c4c608fefb8df22ae
    blocks/6/items/0: 093e50716b985b3ad448da5936f2886d
    blocks/6/items/1: 494fef7f94628a7cce8dfb57e743429e
    blocks/6/items/2: c2131e37180fbbeee27bd87b18d557b2
    blocks/6/items/3: f782412b30f0fdf744f0d00ddfbb252e
    blocks/6/items/4: 5d66c99a6797f1000da07ab7c5224218
    blocks/6/items/5: 59903bd0482b94fc17d7b04c1b7ac730
    blocks/6/items/6: be15b0f15885354c182808bdb5181858
    blocks/6/items/7: cfc9a4cbb4f3a7e999cb52765334fc66
    blocks/6/items/8: d43b4bea50b6a0c7a9352599509796d1
    blocks/7/type: 00a264b5cd51b640d61704d738b24d4a
    blocks/8/type: a68ada0f8ce8d9ccadc8060770afa598
    blocks/8/text: 8b578deb4d575af3f38ef9cd37317147
    blocks/9/type: 4cc1578a42dbedc97f1b1df7e0ed9f52
    blocks/9/text: 3fc2c512ac7bb8d1726a5dbfbdf1e0e2
    blocks/10/type: 2a97d0a4976aaa75a2a2b38ad70c72a0
    blocks/10/text: 5dfd3b089661e355611a9b17d5a47a78
    blocks/11/type: 5d10624df053240c4c608fefb8df22ae
    blocks/11/items/0: cceb370321a92f7f8993d4aae7d6476d
    blocks/11/items/1: 5c4f340b9e828a20fb776190c5ddd4c6
    blocks/11/items/2: 9f248db903e5a67c3196243124e8eb4a
    blocks/11/items/3: a3a7b8164b5be0e0f4b3e2257287baa3
    blocks/11/items/4: ceabd888e5e7f972cf48bc4efdfe5ef2
    blocks/11/items/5: 0d343e2bed9ca6a16b2687a8641d0b9e
    blocks/11/items/6: 1f55fa54333d389fca7a444bda00fb7d
    blocks/11/items/7: 67e144d9d1952c4b441cc1b514845114
    blocks/11/items/8: da29920c9e16fbcaaff35b498b33660f
    blocks/12/type: 2a97d0a4976aaa75a2a2b38ad70c72a0
    blocks/12/text: ce27f1aeacccc542a174c4b2bce022b0
    blocks/13/type: 4cc1578a42dbedc97f1b1df7e0ed9f52
    blocks/13/text: aee456aed15a158e84191f94684d0f09
    blocks/14/type: 2a97d0a4976aaa75a2a2b38ad70c72a0
    blocks/14/text: df43f7a88734450cd12414d3b72df6ce
    blocks/15/type: 5d10624df053240c4c608fefb8df22ae
    blocks/15/items/0: 28b050c0f1cd185e02d7dbdcbdbcdede
    blocks/15/items/1: 9b47a3a039340420826258e1041b223b
    blocks/15/items/2: 02c152c67a5398ba6ff8fddaabaafb13
    blocks/15/items/3: 2743915e5a36d84d81108d3e1a1e792d
    blocks/15/items/4: 9d61d1b640c130f2f32027c9cf7e21f9
    blocks/15/items/5: aac8528185caa3122e24b9a4c33d33ec
    blocks/15/items/6: fe843238e63f91a97f8fd68c2a16b449
    blocks/15/items/7: bdc0fa8d090d6a1ba69d595b02dfde6c
    blocks/16/type: 80df1c14c8ae91f316bed43c0331d9a7
    blocks/16/emoji: e9ccaa9e862e29ab29f7e973859cbf87
    blocks/16/text: fbbd25c5292b4e2ea7b8d3ebe2301b14
    blocks/17/type: 00a264b5cd51b640d61704d738b24d4a
    blocks/18/type: a68ada0f8ce8d9ccadc8060770afa598
    blocks/18/text: 74a1db61510023c2b1b51c8288de8f7e
    blocks/19/type: 4cc1578a42dbedc97f1b1df7e0ed9f52
    blocks/19/text: 5483b272775789ad6a5610ed1190c84b
    blocks/20/type: 2a97d0a4976aaa75a2a2b38ad70c72a0
    blocks/20/text: 5dfd3b089661e355611a9b17d5a47a78
    blocks/21/type: 5d10624df053240c4c608fefb8df22ae
    blocks/21/items/0: a7b19a7a40ef2cd37da5ca5ce1c6a21a
    blocks/21/items/1: 59a0d332c076f92d15c54b632eff2d7d
    blocks/21/items/2: df189e1a314c6333670bcd477796daf1
    blocks/21/items/3: 0517d557224713b81dcf9a40baaf467f
    blocks/21/items/4: 05f84e51707797f3d650058921e3c38d
    blocks/21/items/5: 64b7011e23089599f56a358afeff3e2d
    blocks/22/type: 2a97d0a4976aaa75a2a2b38ad70c72a0
    blocks/22/text: ce27f1aeacccc542a174c4b2bce022b0
    blocks/23/type: 4cc1578a42dbedc97f1b1df7e0ed9f52
    blocks/23/text: 81d13573e730f05f1881d13aa4e69724
    blocks/24/type: 2a97d0a4976aaa75a2a2b38ad70c72a0
    blocks/24/text: df43f7a88734450cd12414d3b72df6ce
    blocks/25/type: 5d10624df053240c4c608fefb8df22ae
    blocks/25/items/0: 0052bfdce8d29be531993bd1e6f07cb7
    blocks/25/items/1: 328022e0fec7d57ac584d542da2d0d79
    blocks/25/items/2: e5b8206a0caa06524cd43a26f6d7c947
    blocks/25/items/3: f56525bf868462c2cbcc8c51b6bc3217
    blocks/25/items/4: cf41ac19519bb2609fde80ea66411292
    blocks/25/items/5: bcf0420a95095cb9008e8a71f6d4d19f
    blocks/25/items/6: 8f35b706b0b854eef2a385e1125138d1
    blocks/25/items/7: 6dd835f021a17f45ba19b590168281cc
    blocks/25/items/8: 5219472449dc50fcf5164136e7b1319c
    blocks/26/type: 80df1c14c8ae91f316bed43c0331d9a7
    blocks/26/emoji: e9ccaa9e862e29ab29f7e973859cbf87
    blocks/26/text: d699063b85dbafa6b747994d1408e356
    blocks/27/type: 00a264b5cd51b640d61704d738b24d4a
    blocks/28/type: a68ada0f8ce8d9ccadc8060770afa598
    blocks/28/text: 236b767e48cb95b8c5e9c9486ba83588
    blocks/29/type: 4cc1578a42dbedc97f1b1df7e0ed9f52
    blocks/29/text: 29155454c2197375f552c090a667be55
    blocks/30/type: 2a97d0a4976aaa75a2a2b38ad70c72a0
    blocks/30/text: 5dfd3b089661e355611a9b17d5a47a78
    blocks/31/type: 5d10624df053240c4c608fefb8df22ae
    blocks/31/items/0: cde764032c257c3b75eb433557389816
    blocks/31/items/1: 90f0a57d61def44ffb295d939eafd8d8
    blocks/31/items/2: 07c14dbd106a64bcd242fc4c3d711ded
    blocks/31/items/3: 64fdf5d38f9b3df27aee21b9504cd8bc
    blocks/31/items/4: f791e3ec40481da27e1287b4432b88bb
    blocks/31/items/5: 2e8f8a9a7eca9114c86eb018c2f157d1
    blocks/31/items/6: b4bbb6158a28fc8fabfa2312b56adf89
    blocks/31/items/7: a269c6ca4904413d9c24468aa2b297c1
    blocks/32/type: 2a97d0a4976aaa75a2a2b38ad70c72a0
    blocks/32/text: ce27f1aeacccc542a174c4b2bce022b0
    blocks/33/type: 4cc1578a42dbedc97f1b1df7e0ed9f52
    blocks/33/text: f5730c97362ecb7c765684f76aa9156b
    blocks/34/type: 2a97d0a4976aaa75a2a2b38ad70c72a0
    blocks/34/text: df43f7a88734450cd12414d3b72df6ce
    blocks/35/type: 5d10624df053240c4c608fefb8df22ae
    blocks/35/items/0: 0ab7e015a2c1a9359838b438f9f8fa12
    blocks/35/items/1: 2e482e185dd142f92d9ae4abc65b0bdc
    blocks/35/items/2: 8e6db80aa5511b6701792896eadefb6f
    blocks/35/items/3: 1ebc90d3d50365343a8381fe7a0b843d
    blocks/35/items/4: fd4ebfc78962271ea9bc2c0b1dc512e6
    blocks/35/items/5: 5a0c804abf9f7b6ddc286376164d5828
    blocks/35/items/6: 3aa62cb520866313a65c264844dcc13e
    blocks/35/items/7: e99bffaeb1727eb4fc03135886bc87f8
    blocks/35/items/8: 8dbbd79760074d38b3c466c7fc294f62
    blocks/35/items/9: 7b0cb6228d76b8b0709a19bb1c4d3738
    blocks/35/items/10: 9e9114a9e4f14963db5a8bfa3c888abb
    blocks/36/type: 80df1c14c8ae91f316bed43c0331d9a7
    blocks/36/emoji: e9ccaa9e862e29ab29f7e973859cbf87
    blocks/36/text: ec18a43e283ad66c0da7d4bfa27eb354
    blocks/37/type: 00a264b5cd51b640d61704d738b24d4a
    blocks/38/type: a68ada0f8ce8d9ccadc8060770afa598
    blocks/38/text: e1931dcf6b722dcbf18ac0abdce24e77
    blocks/39/type: 4cc1578a42dbedc97f1b1df7e0ed9f52
    blocks/39/text: 4fbd1dc7cd267e771261626618654dfb
    blocks/40/type: 2a97d0a4976aaa75a2a2b38ad70c72a0
    blocks/40/text: 5dfd3b089661e355611a9b17d5a47a78
    blocks/41/type: 5d10624df053240c4c608fefb8df22ae
    blocks/41/items/0: 5ce7e45378f49d5692111c9275414f6e
    blocks/41/items/1: 67a7a950617aa71fe0b6fd3683d11a58
    blocks/41/items/2: e58c99de5cea2a69fe94349893b1a7a8
    blocks/41/items/3: 68ed999c68697aeac55c23486490ade7
    blocks/41/items/4: e6ac743f58f5d8b10c84857f6dd744e0
    blocks/41/items/5: 39aecedbade8514f0e3f3a1811a832a8
    blocks/41/items/6: 1a0b82a09cfff67f2acfee69d4f2b982
    blocks/42/type: 2a97d0a4976aaa75a2a2b38ad70c72a0
    blocks/42/text: ce27f1aeacccc542a174c4b2bce022b0
    blocks/43/type: 4cc1578a42dbedc97f1b1df7e0ed9f52
    blocks/43/text: b3f63d5f1b8d16d8210a934f476ea2c9
    blocks/44/type: 2a97d0a4976aaa75a2a2b38ad70c72a0
    blocks/44/text: df43f7a88734450cd12414d3b72df6ce
    blocks/45/type: 5d10624df053240c4c608fefb8df22ae
    blocks/45/items/0: f5c1869865b079178fe2a0776e390c2f
    blocks/45/items/1: 13677165f363dc0e9a84b00207d5177e
    blocks/45/items/2: 6c10adbc218a36dd3c7d1e6034b71428
    blocks/45/items/3: 23e5217e10ed957380c6af90a5fe84e2
    blocks/45/items/4: b8520bcba2750979ba9dd2b5e302b136
    blocks/45/items/5: 95e4d459c2d672ca9651756c5f2956fa
    blocks/45/items/6: 339570ef00f1bb99e82d1a0fcf258e7f
    blocks/45/items/7: 841262820829bac5a291262eddf3b0b1
    blocks/45/items/8: 8f35b706b0b854eef2a385e1125138d1
    blocks/45/items/9: e625daf89dde30792a04a211542608b3
    blocks/45/items/10: 94edd23a30c4f8fd1f77bbcc0811e129
    blocks/46/type: 80df1c14c8ae91f316bed43c0331d9a7
    blocks/46/emoji: e9ccaa9e862e29ab29f7e973859cbf87
    blocks/46/text: 80cd6df898f0de4559944ef16b4be168
    blocks/47/type: 00a264b5cd51b640d61704d738b24d4a
    blocks/48/type: a68ada0f8ce8d9ccadc8060770afa598
    blocks/48/text: a68366e5b5fe4cfb354b2dc04385d539
    blocks/49/type: 4cc1578a42dbedc97f1b1df7e0ed9f52
    blocks/49/text: 6e5b956f115b5831375a943c0e501f77
    blocks/50/type: 2a97d0a4976aaa75a2a2b38ad70c72a0
    blocks/50/text: 5dfd3b089661e355611a9b17d5a47a78
    blocks/51/type: 5d10624df053240c4c608fefb8df22ae
    blocks/51/items/0: 4a2a791d6d75671766a04c534d1956bc
    blocks/51/items/1: b41ac01be679a01335d0d9f467c60469
    blocks/51/items/2: 33c7c4d852ded345efc2e4e6b5c4ff5c
    blocks/51/items/3: 83a4b815d38c5b1b90507a95361f1126
    blocks/51/items/4: 5865e3ea30d7e38bde32c0e40debbedf
    blocks/51/items/5: 61e60130ec33461f25bce50ba08571de
    blocks/51/items/6: d8b7c545d07ab530c084f006bf209a83
    blocks/52/type: 2a97d0a4976aaa75a2a2b38ad70c72a0
    blocks/52/text: ce27f1aeacccc542a174c4b2bce022b0
    blocks/53/type: 4cc1578a42dbedc97f1b1df7e0ed9f52
    blocks/53/text: 0b8ec4c50a119ab90531c1df1f4fa09f
    blocks/54/type: 2a97d0a4976aaa75a2a2b38ad70c72a0
    blocks/54/text: df43f7a88734450cd12414d3b72df6ce
    blocks/55/type: 5d10624df053240c4c608fefb8df22ae
    blocks/55/items/0: c1c878603315e41503941185a86d2d74
    blocks/55/items/1: 7c6750f4fbe8296b9eab71ae8527db75
    blocks/55/items/2: 805f5460b2488a4cdfd80a738e773dc4
    blocks/55/items/3: ef3c963bc7ca26d320163613b6fc43a2
    blocks/55/items/4: 387ebe38950952546a5ebfbddb22c071
    blocks/55/items/5: c6c34611c180bb7d1f6dc893759bb1b8
    blocks/55/items/6: 6c6544b557f5d4e4259f0c41d6a5ea4c
    blocks/55/items/7: 3d97bbd2311d1bd506974f023a79a207
    blocks/55/items/8: e625daf89dde30792a04a211542608b3
    blocks/55/items/9: 9b8e34a0eb5aa1484997a14779dbdd49
    blocks/56/type: 80df1c14c8ae91f316bed43c0331d9a7
    blocks/56/emoji: e9ccaa9e862e29ab29f7e973859cbf87
    blocks/56/text: 38e494b617f9542936dcde162ed3a693
    blocks/57/type: 00a264b5cd51b640d61704d738b24d4a
    blocks/58/type: a68ada0f8ce8d9ccadc8060770afa598
    blocks/58/text: c44023579f4f27880916e86a91c8b4d9
    blocks/59/type: 4cc1578a42dbedc97f1b1df7e0ed9f52
    blocks/59/text: 243b20dd586982d06d5a5461123c0be4
    blocks/60/type: 7f0968a460ec91feb34ce1ff4041aa54
    blocks/60/headers/0: 58f5f3f37862b6312a2f20ec1a1fd0e8
    blocks/60/headers/1: ef178418a7c28b33ef6fa517ddce5ea2
    blocks/60/headers/2: d186f22ce4f33d289b9b0803b005440e
    blocks/60/headers/3: f41cbe7a390db1ee93a84de2b7ab0114
    blocks/60/headers/4: 28b2dae9a2763acbe643f6adc005e4d0
    blocks/60/headers/5: 07f01900dba6954c3a5cc5d1241bf1c8
    blocks/60/rows/0/0: 97f990f602ac9db7b7959e8d268cca92
    blocks/60/rows/0/1: 7e1a65420026732abea31a1764fc9df9
    blocks/60/rows/0/2: 7e1a65420026732abea31a1764fc9df9
    blocks/60/rows/0/3: 7e1a65420026732abea31a1764fc9df9
    blocks/60/rows/0/4: 7e1a65420026732abea31a1764fc9df9
    blocks/60/rows/0/5: 7e1a65420026732abea31a1764fc9df9
    blocks/60/rows/1/0: 93a8edd8c9d51ec92790a12ac3bcfd79
    blocks/60/rows/1/1: 7e1a65420026732abea31a1764fc9df9
    blocks/60/rows/1/2: 7e1a65420026732abea31a1764fc9df9
    blocks/60/rows/1/3: 7e1a65420026732abea31a1764fc9df9
    blocks/60/rows/1/4: 7e1a65420026732abea31a1764fc9df9
    blocks/60/rows/1/5: 7e1a65420026732abea31a1764fc9df9
    blocks/60/rows/2/0: c722953dc710de4bd56450adf8623675
    blocks/60/rows/2/1: 7e1a65420026732abea31a1764fc9df9
    blocks/60/rows/2/2: 7e1a65420026732abea31a1764fc9df9
    blocks/60/rows/2/3: 7e1a65420026732abea31a1764fc9df9
    blocks/60/rows/2/4: e3419625edbe29b8528d564c90a5e70c
    blocks/60/rows/2/5: 7e1a65420026732abea31a1764fc9df9
    blocks/60/rows/3/0: 419fc8439e9f3b51296f47328df2dfba
    blocks/60/rows/3/1: 7e1a65420026732abea31a1764fc9df9
    blocks/60/rows/3/2: 7e1a65420026732abea31a1764fc9df9
    blocks/60/rows/3/3: 0ee620216d34dafcf1b580643f3f302d
    blocks/60/rows/3/4: 0ee620216d34dafcf1b580643f3f302d
    blocks/60/rows/3/5: 7e1a65420026732abea31a1764fc9df9
    blocks/60/rows/4/0: be6316207ad8c11b76ba62da8feae6b3
    blocks/60/rows/4/1: 7e1a65420026732abea31a1764fc9df9
    blocks/60/rows/4/2: 0ee620216d34dafcf1b580643f3f302d
    blocks/60/rows/4/3: 0ee620216d34dafcf1b580643f3f302d
    blocks/60/rows/4/4: 0ee620216d34dafcf1b580643f3f302d
    blocks/60/rows/4/5: cd9da566fb6910bc435dc5eb31b43fe7
    blocks/60/rows/5/0: f4d7102af6aa2418f411e5e81aa01b48
    blocks/60/rows/5/1: 7e1a65420026732abea31a1764fc9df9
    blocks/60/rows/5/2: 0ee620216d34dafcf1b580643f3f302d
    blocks/60/rows/5/3: 0ee620216d34dafcf1b580643f3f302d
    blocks/60/rows/5/4: 0ee620216d34dafcf1b580643f3f302d
    blocks/60/rows/5/5: 0ee620216d34dafcf1b580643f3f302d
    blocks/60/rows/6/0: 52a6962957416602ed50cd2223f29101
    blocks/60/rows/6/1: 7e1a65420026732abea31a1764fc9df9
    blocks/60/rows/6/2: 78a883c488d2b4c9ed7d42b96c1dac4e
    blocks/60/rows/6/3: 0ee620216d34dafcf1b580643f3f302d
    blocks/60/rows/6/4: e3419625edbe29b8528d564c90a5e70c
    blocks/60/rows/6/5: 7e1a65420026732abea31a1764fc9df9
    blocks/60/rows/7/0: 503182e7b47b9f6ab2b0a81b41a6b28f
    blocks/60/rows/7/1: 7e1a65420026732abea31a1764fc9df9
    blocks/60/rows/7/2: e65bd67323b805f267405c08e4fc412d
    blocks/60/rows/7/3: 0ee620216d34dafcf1b580643f3f302d
    blocks/60/rows/7/4: 0ee620216d34dafcf1b580643f3f302d
    blocks/60/rows/7/5: 0ee620216d34dafcf1b580643f3f302d
    blocks/60/rows/8/0: d29af2bb35f30661b68bc00545b72c96
    blocks/60/rows/8/1: 7e1a65420026732abea31a1764fc9df9
    blocks/60/rows/8/2: 7e1a65420026732abea31a1764fc9df9
    blocks/60/rows/8/3: 7e1a65420026732abea31a1764fc9df9
    blocks/60/rows/8/4: 0ee620216d34dafcf1b580643f3f302d
    blocks/60/rows/8/5: 0ee620216d34dafcf1b580643f3f302d
    blocks/60/rows/9/0: 6e664d14e35bea573b67d5ee2f2c4ac6
    blocks/60/rows/9/1: 7e1a65420026732abea31a1764fc9df9
    blocks/60/rows/9/2: 0ee620216d34dafcf1b580643f3f302d
    blocks/60/rows/9/3: 0ee620216d34dafcf1b580643f3f302d
    blocks/60/rows/9/4: 0ee620216d34dafcf1b580643f3f302d
    blocks/60/rows/9/5: 7e1a65420026732abea31a1764fc9df9
    blocks/60/rows/10/0: cd3e52ee58b258f99c453d15ae3df7ea
    blocks/60/rows/10/1: 7e1a65420026732abea31a1764fc9df9
    blocks/60/rows/10/2: 7e1a65420026732abea31a1764fc9df9
    blocks/60/rows/10/3: 7e1a65420026732abea31a1764fc9df9
    blocks/60/rows/10/4: 7e1a65420026732abea31a1764fc9df9
    blocks/60/rows/10/5: 7e1a65420026732abea31a1764fc9df9
    blocks/60/rows/11/0: 872f62e395411ee6e98b60d4531fdd35
    blocks/60/rows/11/1: 7e1a65420026732abea31a1764fc9df9
    blocks/60/rows/11/2: 7e1a65420026732abea31a1764fc9df9
    blocks/60/rows/11/3: dfa1dff9d5c888dbe50800c13c790c52
    blocks/60/rows/11/4: 51235c67dd927f263d94b193742942ad
    blocks/60/rows/11/5: f567742ab89b9d6858cec39fe30fec91
    blocks/60/rows/12/0: adab96f120141058cf585ef3d014f7cc
    blocks/60/rows/12/1: b1faa48f194ec868c1e8e5d28d3b8ec5
    blocks/60/rows/12/2: 0326365539c004f6088656f692602078
    blocks/60/rows/12/3: 8869d3025bc585923a5f0f8f0e69f74a
    blocks/60/rows/12/4: 5e2fa7af50cd5d877d9c54fd87bb3bb5
    blocks/60/rows/12/5: c70474271708e5b27392fde87462fa26
    blocks/61/type: 00a264b5cd51b640d61704d738b24d4a
    blocks/62/type: a68ada0f8ce8d9ccadc8060770afa598
    blocks/62/text: 70db461af729c15853b9e1b0749e514b
    blocks/63/type: 4cc1578a42dbedc97f1b1df7e0ed9f52
    blocks/63/text: 85428b033b39a24d2410f629e7bfe8ea
    blocks/64/type: 4cc1578a42dbedc97f1b1df7e0ed9f52
    blocks/64/text: f65bdf2a734f23f5b3e2c5f7b684950f
    blocks/65/type: 2a97d0a4976aaa75a2a2b38ad70c72a0
    blocks/65/text: ee6a0bc02a40e72a1155b7038311830b
    blocks/66/type: 5d10624df053240c4c608fefb8df22ae
    blocks/66/items/0: 7d992d64a38a4f6d970dfd37b37d022a
    blocks/66/items/1: 7a2becb121fb2d20079632764bed0867
    blocks/66/items/2: 1bc5ac220e2af6520590586048be8cc2
    blocks/66/items/3: d737e25bfc1c3ae8ea2587f1f97a349e
    blocks/66/items/4: c8ac2d1aa348890376261b8834bf53a3
    blocks/66/items/5: fa4743004ce1a9e3888e994546e96bd1
    blocks/67/type: 4cc1578a42dbedc97f1b1df7e0ed9f52
    blocks/67/text: f462d47f3da39e53f2624071330a8a6d
    blocks/68/type: 00a264b5cd51b640d61704d738b24d4a
    blocks/69/type: a68ada0f8ce8d9ccadc8060770afa598
    blocks/69/text: dab3ab15cdda215b84cd2c2e916d2d20
    blocks/70/type: 4cc1578a42dbedc97f1b1df7e0ed9f52
    blocks/70/text: dca4110290545c0cf881773c1d594c2b
    blocks/71/type: 2a97d0a4976aaa75a2a2b38ad70c72a0
    blocks/71/text: 983d84ba81d7dc067c82ed6947d0cd6f
    blocks/72/type: 5d10624df053240c4c608fefb8df22ae
    blocks/72/items/0: 5924a8de01ef863770f297dbb85d6b25
    blocks/72/items/1: a1e55381329d6648d0d76022b0b40e92
    blocks/72/items/2: 82ee4d605485f82a786b660a800f97de
    blocks/72/items/3: e8cdd1568f6fa2385ccc2f66278e2660
    blocks/72/items/4: 5ebbaa75048984f82fceffca31c4ff87
    blocks/72/items/5: 07222a961657b07ab8b031bd6d4a5452
    blocks/73/type: 2a97d0a4976aaa75a2a2b38ad70c72a0
    blocks/73/text: 7aa810919b33c0925ae23cfb554c81f4
    blocks/74/type: 5d10624df053240c4c608fefb8df22ae
    blocks/74/items/0: 5879d7514ae3b83163075e47799aab14
    blocks/74/items/1: 393be33e786502c11ea3e18e51c9150f
    blocks/74/items/2: 6619b61882d710993f8ee0ac86c12790
    blocks/74/items/3: 9f309be46f3b86f5a1c04552fe638596
    blocks/75/type: 2a97d0a4976aaa75a2a2b38ad70c72a0
    blocks/75/text: 9b855df0a3073b57af880125dc19aec8
    blocks/76/type: 5d10624df053240c4c608fefb8df22ae
    blocks/76/items/0: 9ff0958ee3e79c070b1df09021c36fd3
    blocks/76/items/1: cb0283030b51ac6ef4acf5f98702843d
    blocks/76/items/2: 92760b2b831d4c7c7ac3a25ab8ea4749
    blocks/76/items/3: b6a6f2f62111279ae2e5d737480dfcab
    blocks/77/type: 2a97d0a4976aaa75a2a2b38ad70c72a0
    blocks/77/text: cf66f8158f5b89b22af078a5643e9a62
    blocks/78/type: 5d10624df053240c4c608fefb8df22ae
    blocks/78/items/0: 607b3f8a84314a245f11ec14757baf11
    blocks/78/items/1: 48a6d196342d4ba7b1fd9282ba30015f
    blocks/78/items/2: f0b0f50f19147725835a604a133a832a
    blocks/79/type: 2a97d0a4976aaa75a2a2b38ad70c72a0
    blocks/79/text: 70ee0290030307cdc4abb1faed28d6e7
    blocks/80/type: 5d10624df053240c4c608fefb8df22ae
    blocks/80/items/0: 657315a37cf879a71a44c2aba9273f28
    blocks/80/items/1: f861ad558bea01047397735d8dd93356
    blocks/80/items/2: 210308eaa31d7f70f9ab219660380781
    blocks/80/items/3: 1c064fca8473380df361990e20127256
    blocks/81/type: 00a264b5cd51b640d61704d738b24d4a
    blocks/82/type: a68ada0f8ce8d9ccadc8060770afa598
    blocks/82/text: 212c5c784d5580b2f8b9481cb102cb4c
    blocks/83/type: 2a97d0a4976aaa75a2a2b38ad70c72a0
    blocks/83/text: b34e262fb7200f905c07682764abce9a
    blocks/84/type: 4cc1578a42dbedc97f1b1df7e0ed9f52
    blocks/84/text: 5ae3b30705c804cb419db31bbff9872f
    blocks/85/type: 2a97d0a4976aaa75a2a2b38ad70c72a0
    blocks/85/text: 73bd40c36feb0b6a45a4ef2ec26c2dc1
    blocks/86/type: 4cc1578a42dbedc97f1b1df7e0ed9f52
    blocks/86/text: 8257c81dd6e7f8a457422bf80a138404
    blocks/87/type: 2a97d0a4976aaa75a2a2b38ad70c72a0
    blocks/87/text: f40990975ab86b415a3c650e34a93bfb
    blocks/88/type: 4cc1578a42dbedc97f1b1df7e0ed9f52
    blocks/88/text: a9d77d85e36b9ee2085be23132be7de9
    blocks/89/type: 2a97d0a4976aaa75a2a2b38ad70c72a0
    blocks/89/text: c4c5b26bd389a013b5b7c03525e6a734
    blocks/90/type: 4cc1578a42dbedc97f1b1df7e0ed9f52
    blocks/90/text: a8bb8433231ecbebaf2ee00c62239fe2
    blocks/91/type: 2a97d0a4976aaa75a2a2b38ad70c72a0
    blocks/91/text: 9fed8b62e4353222269844adf50b508f
    blocks/92/type: 4cc1578a42dbedc97f1b1df7e0ed9f52
    blocks/92/text: c1579b7f4028f575441c5df05c5d5247
    blocks/93/type: 00a264b5cd51b640d61704d738b24d4a
    blocks/94/type: a68ada0f8ce8d9ccadc8060770afa598
    blocks/94/text: bdade761987e956f6b1f985fe4d25f46
    blocks/95/type: 4cc1578a42dbedc97f1b1df7e0ed9f52
    blocks/95/text: a0c32c679882da5c1ea198b7ceb3f4c6
    blocks/96/type: 4cc1578a42dbedc97f1b1df7e0ed9f52
    blocks/96/text: 49b2f93a5134c72c4f98905727b1cc7c
    blocks/97/type: 80df1c14c8ae91f316bed43c0331d9a7
    blocks/97/emoji: b328c432cee108a87a92f05258b6a651
    blocks/97/text: 9155a070218b5cf2666f838a07130dfc
